{
    "_meta": {
        "hash": {
            "sha256": "f5ff44bcf5e9ca9e63ff2987f7e131487ceb820ab0a7363d8fe1d12a76b4b0ca"
        },
        "pipfile-spec": 6,
        "requires": {
            "python_version": "3.6"
        },
        "sources": [
            {
                "name": "pypi",
                "url": "https://pypi.org/simple",
                "verify_ssl": true
            }
        ]
    },
    "default": {
        "cftime": {
            "hashes": [
                "sha256:081085f19dac90dcec02576b9d62cd4bd755c7707dac1322221c4915d84da18c",
                "sha256:1ac64f8f9066ea756ea27d67cedaf064e7c866275218fa7c84684066a5890f70",
                "sha256:1c2263922ef3109bd8e6b408c6762b4e058762e2749fb4247bca6cce9d53e278",
                "sha256:245ae003917a95ba0d381e7cb560b9571fa97c67354729ca223d41e51dd417fd",
                "sha256:254b48c21a9a169df105523e2aa9f2e4207ab29402df93db81d7bbdc005b1e88",
                "sha256:264ac0a1824501b7f5139fda6614e5d6494748940f17ffa61c8f899bf3c302b2",
                "sha256:295f79ac1e3c7d4705dbc82d46c34723006c6b8aa7b7bfa6bc6768a0288a7b62",
                "sha256:2e3df7d77442a4597a271393b898cb483786f3d8845fa6c6dd2763a865154e03",
                "sha256:386400464b4c6739f068854d892caced58cde7c83b695375af30b66859c602ae",
                "sha256:48d9c4fb224e4fdc61e6f75856f0a57b0a396916754ac8a7d6676f3e0fb19720",
                "sha256:4c82d90588c61921b6df2dee7558896bdc6f4378336e430db760fa710cbc2223",
                "sha256:4d6060ee28bf1572db343062e9c66e47b9e88d30bbeea0801eee392a67e12e4a",
                "sha256:5be5131e092f53b8bb9ef9defdb35f2a8fb2b8be036a30d8bd8c62470956bb40",
                "sha256:68ff2d2201f8e1d97111c5bcecb56fe7383f879311d5d12002b1f9fcd916f7d8",
                "sha256:69b5a6e36552f0a023d432ab004f93ef5797172bd1868cdf1edef119eadc877c",
                "sha256:8055418a640ffc6c3d50ad65b8271de789e8a8c0f42952400ca14c93fbc39e1a",
                "sha256:8061f227b4761ba2aa52278d7c513b12b9336ff6a5abe980b67fb82db33a523d",
                "sha256:8b8478dd62e44639d3ba20a69913bb86efc023635c8e8ca745778c5961b76423",
                "sha256:8e571096d538c1c6bd24adef65000fe4369d4f8cbdd90af2b1def4cde9e486c2",
                "sha256:8fc62953778b852ff0f8ae28a7ea4b1c6180e2fa86f0404a4692ac1f5ab08bf0",
                "sha256:9cd33e4cedf848381b838fb99d82810448357b80f7dd7c8e86e8e38c76a88bfa",
                "sha256:a2204a4e57932d11b7f5f75929782fbebd5cebafef10249f0674b34aa54bda4d",
                "sha256:b77e4c9fd05eaa27273145d9c0be14d0ef87d0529a44c8956a698facbb171dad",
                "sha256:bc4e20b9938a1fa61168176982de224889ac4992f3bfa65befdbf483d24ad9ec",
                "sha256:c255c92dc78b43846e10fcc16a2533902dabfd6e60a75dd4d2b60f41cb4a419f",
                "sha256:c452a0286e075facd3c3528600dc34ccd0914f4949c8212eeaf9008ec2fbf232",
                "sha256:d5250cb8d469bce4b8d69408931a4c0b9bcd888727d00c5bcf162f1bbbac0a89"
            ],
            "version": "==1.0.4.2"
        },
        "click": {
            "hashes": [
                "sha256:2335065e6395b9e67ca716de5f7526736bfa6ceead690adf616d925bdc622b13",
                "sha256:5b94b49521f6456670fdb30cd82a4eca9412788a93fa6dd6df72c94d5a8ff2d7"
            ],
            "version": "==7.0"
        },
        "flask": {
            "hashes": [
                "sha256:13f9f196f330c7c2c5d7a5cf91af894110ca0215ac051b5844701f2bfd934d52",
                "sha256:45eb5a6fd193d6cf7e0cf5d8a5b31f83d5faae0293695626f539a823e93b13f6"
            ],
            "index": "pypi",
            "version": "==1.1.1"
        },
        "get": {
            "hashes": [
                "sha256:688268840f923255932154a52bdd40ffac467de4126835c43846e9e6f112844c"
            ],
            "version": "==2019.4.13"
        },
        "itsdangerous": {
            "hashes": [
                "sha256:321b033d07f2a4136d3ec762eac9f16a10ccd60f53c0c91af90217ace7ba1f19",
                "sha256:b12271b2047cb23eeb98c8b5622e2e5c5e9abd9784a153e9d8ef9cb4dd09d749"
            ],
            "version": "==1.1.0"
        },
        "jinja2": {
            "hashes": [
                "sha256:74320bb91f31270f9551d46522e33af46a80c3d619f4a4bf42b3164d30b5911f",
                "sha256:9fe95f19286cfefaa917656583d020be14e7859c6b0252588391e47db34527de"
            ],
            "version": "==2.10.3"
        },
        "markupsafe": {
            "hashes": [
                "sha256:00bc623926325b26bb9605ae9eae8a215691f33cae5df11ca5424f06f2d1f473",
                "sha256:09027a7803a62ca78792ad89403b1b7a73a01c8cb65909cd876f7fcebd79b161",
                "sha256:09c4b7f37d6c648cb13f9230d847adf22f8171b1ccc4d5682398e77f40309235",
                "sha256:1027c282dad077d0bae18be6794e6b6b8c91d58ed8a8d89a89d59693b9131db5",
                "sha256:24982cc2533820871eba85ba648cd53d8623687ff11cbb805be4ff7b4c971aff",
                "sha256:29872e92839765e546828bb7754a68c418d927cd064fd4708fab9fe9c8bb116b",
                "sha256:43a55c2930bbc139570ac2452adf3d70cdbb3cfe5912c71cdce1c2c6bbd9c5d1",
                "sha256:46c99d2de99945ec5cb54f23c8cd5689f6d7177305ebff350a58ce5f8de1669e",
                "sha256:500d4957e52ddc3351cabf489e79c91c17f6e0899158447047588650b5e69183",
                "sha256:535f6fc4d397c1563d08b88e485c3496cf5784e927af890fb3c3aac7f933ec66",
                "sha256:62fe6c95e3ec8a7fad637b7f3d372c15ec1caa01ab47926cfdf7a75b40e0eac1",
                "sha256:6dd73240d2af64df90aa7c4e7481e23825ea70af4b4922f8ede5b9e35f78a3b1",
                "sha256:717ba8fe3ae9cc0006d7c451f0bb265ee07739daf76355d06366154ee68d221e",
                "sha256:79855e1c5b8da654cf486b830bd42c06e8780cea587384cf6545b7d9ac013a0b",
                "sha256:7c1699dfe0cf8ff607dbdcc1e9b9af1755371f92a68f706051cc8c37d447c905",
                "sha256:88e5fcfb52ee7b911e8bb6d6aa2fd21fbecc674eadd44118a9cc3863f938e735",
                "sha256:8defac2f2ccd6805ebf65f5eeb132adcf2ab57aa11fdf4c0dd5169a004710e7d",
                "sha256:98c7086708b163d425c67c7a91bad6e466bb99d797aa64f965e9d25c12111a5e",
                "sha256:9add70b36c5666a2ed02b43b335fe19002ee5235efd4b8a89bfcf9005bebac0d",
                "sha256:9bf40443012702a1d2070043cb6291650a0841ece432556f784f004937f0f32c",
                "sha256:ade5e387d2ad0d7ebf59146cc00c8044acbd863725f887353a10df825fc8ae21",
                "sha256:b00c1de48212e4cc9603895652c5c410df699856a2853135b3967591e4beebc2",
                "sha256:b1282f8c00509d99fef04d8ba936b156d419be841854fe901d8ae224c59f0be5",
                "sha256:b2051432115498d3562c084a49bba65d97cf251f5a331c64a12ee7e04dacc51b",
                "sha256:ba59edeaa2fc6114428f1637ffff42da1e311e29382d81b339c1817d37ec93c6",
                "sha256:c8716a48d94b06bb3b2524c2b77e055fb313aeb4ea620c8dd03a105574ba704f",
                "sha256:cd5df75523866410809ca100dc9681e301e3c27567cf498077e8551b6d20e42f",
                "sha256:e249096428b3ae81b08327a63a485ad0878de3fb939049038579ac0ef61e17e7"
            ],
            "version": "==1.1.1"
        },
        "netcdf4": {
            "hashes": [
                "sha256:01fcd8a7eb9cd711f94ab2422a41f4fb984d7884c7761ad1394bda114f4598dc",
                "sha256:1a1f4c660e245c25f4ddde596f2b8e605d31ed843bccb3edf427e95b52460292",
                "sha256:22f2339b6bf3b3a8ede541b250027609bb82316c807fc455658c1625fb93339a",
                "sha256:2a3ca855848f4bbf07fac366da77a681fcead18c0a8813d91d46302f562dc3be",
                "sha256:2acb00d49924c6f7333644e63395b9baacc004d5b9d91a336ce48087cf777aea",
                "sha256:2df13ecf8f020ee7dbdc776631cf39541c1d8adb0b4531729edc024230e2c66a",
                "sha256:387500a82e6f1d6a8bb8c59bb04c29c5c889a2096598b94bd5445dfe4f3d5bc8",
                "sha256:43fd12e87661a503802bc2e439f6f0771e81c61084a31a85baf60a27c33710ce",
                "sha256:52d6907e9bbf60a2dd9ff5abe83ce0e3d105535efdc83cda51bba9c277560c52",
                "sha256:561a36c0913a859254048f4ddfa94670ef46e3d4dc35b54d4cc4ec26e36e7870",
                "sha256:630347ad5a6e69ef8328de9cdd551dc8938365cff9645ce984760d2567853968",
                "sha256:654236cb5ef0f717851e0174ba828bd39d2d24a35ed5f512712ffd5a74f68048",
                "sha256:66802ada8cd691a77087777b9a3d7aea7eeeefce5b731f3f064c245289de743e",
                "sha256:673fa90736017daf498d2521bd1670e9024bef87b97e2d45f189ce1b6a532a7d",
                "sha256:84aa1cc83b667b75348638b14470fcdc0a7d3ca575b340e2544d6bd2d5f60da1",
                "sha256:86eb62fe4adf89e482fbf9f81b1cca3232ce460747bf8161ef2dcbb64eb27a1d",
                "sha256:8a1efeed664325f66870e99bbbef5e85676a259a00507dbeda023c0ec45ddc7f",
                "sha256:9305604521e2d504156bb1fb6379314bc04b611021f7f713dc41b1caf701f1d9",
                "sha256:99a00b91222af2b281689572263c3bad9d5a2c523abd769f9d5d4de82fec1a37",
                "sha256:9aa2cce186f2febe1c67b1e2aa973de8d264a27c91b3e77770649a5f9a6f094e",
                "sha256:b2e6af17a76ee8b9f8086b2d9d945032a5c08cedd9cf49ae1589530f2ebec9e3",
                "sha256:bae4419c950047fe1b748d83ab0216b314f245bb7042448eae89b0f2c53f1b01",
                "sha256:baf112ba8fef6ae69d8e84a48c970d669b9751f6fda485be473b9ff6d819bf90",
                "sha256:bcc321f975045883e08c3dbad5f609adcb041df77c421518d36a0d253a6e3779",
                "sha256:be25ba5b86c3548e72733964016fd04300e52add80e327026eca4315b34ad1df",
                "sha256:c93a4a0429e666bc2641c1a84af3381e5689b7afb5eac4154b90b1e490d7f3c8",
                "sha256:c98ceae290e87c0b2d4828f2bec8100fda6d15b71bf03b0f0a182a220939d860",
                "sha256:c9ff82a07db6fb97800b329fa84f85031f403e98127c919eea95881a495b4281",
                "sha256:cc9ce70a6323a7f0a5e94fdd7b149a49dc93586f73ee872778b7cab2efa80a96",
                "sha256:dbb1cf68d66b4f692ecdc6921990e0553fae9baf5bbb67086c1f9f8917367d5a",
                "sha256:f73988fb8e4b688e3945c1584f0f45ce3d96a95e2bcbd53ed73eb0611d7cb294"
            ],
            "index": "pypi",
            "version": "==1.5.3"
        },
        "numpy": {
            "hashes": [
                "sha256:1786a08236f2c92ae0e70423c45e1e62788ed33028f94ca99c4df03f5be6b3c6",
                "sha256:17aa7a81fe7599a10f2b7d95856dc5cf84a4eefa45bc96123cbbc3ebc568994e",
                "sha256:20b26aaa5b3da029942cdcce719b363dbe58696ad182aff0e5dcb1687ec946dc",
                "sha256:2d75908ab3ced4223ccba595b48e538afa5ecc37405923d1fea6906d7c3a50bc",
                "sha256:39d2c685af15d3ce682c99ce5925cc66efc824652e10990d2462dfe9b8918c6a",
                "sha256:56bc8ded6fcd9adea90f65377438f9fea8c05fcf7c5ba766bef258d0da1554aa",
                "sha256:590355aeade1a2eaba17617c19edccb7db8d78760175256e3cf94590a1a964f3",
                "sha256:70a840a26f4e61defa7bdf811d7498a284ced303dfbc35acb7be12a39b2aa121",
                "sha256:77c3bfe65d8560487052ad55c6998a04b654c2fbc36d546aef2b2e511e760971",
                "sha256:9537eecf179f566fd1c160a2e912ca0b8e02d773af0a7a1120ad4f7507cd0d26",
                "sha256:9acdf933c1fd263c513a2df3dceecea6f3ff4419d80bf238510976bf9bcb26cd",
                "sha256:ae0975f42ab1f28364dcda3dde3cf6c1ddab3e1d4b2909da0cb0191fa9ca0480",
                "sha256:b3af02ecc999c8003e538e60c89a2b37646b39b688d4e44d7373e11c2debabec",
                "sha256:b6ff59cee96b454516e47e7721098e6ceebef435e3e21ac2d6c3b8b02628eb77",
                "sha256:b765ed3930b92812aa698a455847141869ef755a87e099fddd4ccf9d81fffb57",
                "sha256:c98c5ffd7d41611407a1103ae11c8b634ad6a43606eca3e2a5a269e5d6e8eb07",
                "sha256:cf7eb6b1025d3e169989416b1adcd676624c2dbed9e3bcb7137f51bfc8cc2572",
                "sha256:d92350c22b150c1cae7ebb0ee8b5670cc84848f6359cf6b5d8f86617098a9b73",
                "sha256:e422c3152921cece8b6a2fb6b0b4d73b6579bd20ae075e7d15143e711f3ca2ca",
                "sha256:e840f552a509e3380b0f0ec977e8124d0dc34dc0e68289ca28f4d7c1d0d79474",
                "sha256:f3d0a94ad151870978fb93538e95411c83899c9dc63e6fb65542f769568ecfa5"
            ],
            "version": "==1.18.1"
        },
        "post": {
            "hashes": [
                "sha256:8fd57fb16f2c90ef4a76b04b8701c4db8ded170e53fac9514b5ea0272da5d36f"
            ],
            "version": "==2019.4.13"
        },
        "public": {
            "hashes": [
                "sha256:e1436a8a99693a9849dfe40b9158f3837b7c309c163b2d3f5b8e9fce23876db1",
                "sha256:f3e3a410ee01a198e76df88ccfcce0ab13662d8ff27b5817d09e501b4e0e8725"
            ],
            "version": "==2019.4.13"
        },
        "query-string": {
            "hashes": [
                "sha256:bb24e4f58849ef6f8219b2446c2bed076d86c97720ae9c3ae918625807394ca8"
            ],
            "version": "==2019.4.13"
        },
        "request": {
            "hashes": [
                "sha256:6297b53c29a4928f7735034df2ab60aa1c7c044df989f605a81b7dc2d3713732"
            ],
            "index": "pypi",
            "version": "==2019.4.13"
        },
        "werkzeug": {
            "hashes": [
                "sha256:7280924747b5733b246fe23972186c6b348f9ae29724135a6dfc1e53cea433e7",
                "sha256:e5f4a1f98b52b18a93da705a7458e55afb26f32bff83ff5d19189f92462d65c4"
            ],
            "version": "==0.16.0"
        }
    },
    "develop": {}
}
